// !$*UTF8*$!
{
	archiveVersion = 1;
	classes = {
	};
	objectVersion = 48;
	objects = {

/* Begin PBXBuildFile section */
		6F0204B2208F4DC100554C58 /* AppDelegate.swift in Sources */ = {isa = PBXBuildFile; fileRef = 6F0204B1208F4DC100554C58 /* AppDelegate.swift */; };
		6F0204B7208F4DC100554C58 /* Main.storyboard in Resources */ = {isa = PBXBuildFile; fileRef = 6F0204B5208F4DC100554C58 /* Main.storyboard */; };
		6F0204B9208F4DC100554C58 /* Assets.xcassets in Resources */ = {isa = PBXBuildFile; fileRef = 6F0204B8208F4DC100554C58 /* Assets.xcassets */; };
		6F0204BC208F4DC100554C58 /* LaunchScreen.storyboard in Resources */ = {isa = PBXBuildFile; fileRef = 6F0204BA208F4DC100554C58 /* LaunchScreen.storyboard */; };
		6F0204CC208F4E3B00554C58 /* Service.swift in Sources */ = {isa = PBXBuildFile; fileRef = 6F0204CB208F4E3B00554C58 /* Service.swift */; };
		6F0204CE208F4E4F00554C58 /* Genres.swift in Sources */ = {isa = PBXBuildFile; fileRef = 6F0204CD208F4E4F00554C58 /* Genres.swift */; };
		6F0204D0208F4E6300554C58 /* MoviesEntity.swift in Sources */ = {isa = PBXBuildFile; fileRef = 6F0204CF208F4E6300554C58 /* MoviesEntity.swift */; };
		6F0204D2208F4E7100554C58 /* MovieDetail.swift in Sources */ = {isa = PBXBuildFile; fileRef = 6F0204D1208F4E7100554C58 /* MovieDetail.swift */; };
		6F0204D4208F4E8400554C58 /* Movie.swift in Sources */ = {isa = PBXBuildFile; fileRef = 6F0204D3208F4E8400554C58 /* Movie.swift */; };
		6F0204D6208F4E9800554C58 /* Mappable.swift in Sources */ = {isa = PBXBuildFile; fileRef = 6F0204D5208F4E9800554C58 /* Mappable.swift */; };
		6F0204D8208F4EB000554C58 /* UIDevice.swift in Sources */ = {isa = PBXBuildFile; fileRef = 6F0204D7208F4EB000554C58 /* UIDevice.swift */; };
		6F0204DA208F4EC700554C58 /* UIImageView.swift in Sources */ = {isa = PBXBuildFile; fileRef = 6F0204D9208F4EC700554C58 /* UIImageView.swift */; };
		6F0204DC208F4EE200554C58 /* Config.swift in Sources */ = {isa = PBXBuildFile; fileRef = 6F0204DB208F4EE200554C58 /* Config.swift */; };
		6F0204DE208F4EF500554C58 /* CellSize.swift in Sources */ = {isa = PBXBuildFile; fileRef = 6F0204DD208F4EF500554C58 /* CellSize.swift */; };
		6F0204E0208F4F0C00554C58 /* MappableHelper.swift in Sources */ = {isa = PBXBuildFile; fileRef = 6F0204DF208F4F0C00554C58 /* MappableHelper.swift */; };
		6F0204E2208F4F2C00554C58 /* MoviesCollectionViewCell.swift in Sources */ = {isa = PBXBuildFile; fileRef = 6F0204E1208F4F2C00554C58 /* MoviesCollectionViewCell.swift */; };
		6F0204E4208F4F3D00554C58 /* FavoriteTableViewCell.swift in Sources */ = {isa = PBXBuildFile; fileRef = 6F0204E3208F4F3D00554C58 /* FavoriteTableViewCell.swift */; };
		6F0204E6208F4F5000554C58 /* TabBarController.swift in Sources */ = {isa = PBXBuildFile; fileRef = 6F0204E5208F4F5000554C58 /* TabBarController.swift */; };
		6F0204E8208F4F5E00554C58 /* FavoriteViewController.swift in Sources */ = {isa = PBXBuildFile; fileRef = 6F0204E7208F4F5E00554C58 /* FavoriteViewController.swift */; };
		6F0204EA208F4F7400554C58 /* MainViewController.swift in Sources */ = {isa = PBXBuildFile; fileRef = 6F0204E9208F4F7400554C58 /* MainViewController.swift */; };
		6F0204EC208F4F8200554C58 /* MovieDetailViewController.swift in Sources */ = {isa = PBXBuildFile; fileRef = 6F0204EB208F4F8200554C58 /* MovieDetailViewController.swift */; };
		6F0204EE208F4FAB00554C58 /* MoviesViewModel.swift in Sources */ = {isa = PBXBuildFile; fileRef = 6F0204ED208F4FAB00554C58 /* MoviesViewModel.swift */; };
		6F0204F0208F4FBB00554C58 /* CollectionViewCellViewModel.swift in Sources */ = {isa = PBXBuildFile; fileRef = 6F0204EF208F4FBB00554C58 /* CollectionViewCellViewModel.swift */; };
		6F2A4B5B208F603700B9399A /* MovieDetailViewModel.swift in Sources */ = {isa = PBXBuildFile; fileRef = 6F2A4B5A208F603700B9399A /* MovieDetailViewModel.swift */; };
		6F2A4B5D208F633C00B9399A /* UIViewMovieDetail.swift in Sources */ = {isa = PBXBuildFile; fileRef = 6F2A4B5C208F633C00B9399A /* UIViewMovieDetail.swift */; };
		BF541EBBAF7A422BBDF6F36D /* Pods_movieDatabaseMVVM.framework in Frameworks */ = {isa = PBXBuildFile; fileRef = AA413660B53F98B92A2BC7C1 /* Pods_movieDatabaseMVVM.framework */; };
/* End PBXBuildFile section */

/* Begin PBXFileReference section */
		6F0204AE208F4DC100554C58 /* movieDatabaseMVVM.app */ = {isa = PBXFileReference; explicitFileType = wrapper.application; includeInIndex = 0; path = movieDatabaseMVVM.app; sourceTree = BUILT_PRODUCTS_DIR; };
		6F0204B1208F4DC100554C58 /* AppDelegate.swift */ = {isa = PBXFileReference; lastKnownFileType = sourcecode.swift; path = AppDelegate.swift; sourceTree = "<group>"; };
		6F0204B6208F4DC100554C58 /* Base */ = {isa = PBXFileReference; lastKnownFileType = file.storyboard; name = Base; path = Base.lproj/Main.storyboard; sourceTree = "<group>"; };
		6F0204B8208F4DC100554C58 /* Assets.xcassets */ = {isa = PBXFileReference; lastKnownFileType = folder.assetcatalog; path = Assets.xcassets; sourceTree = "<group>"; };
		6F0204BB208F4DC100554C58 /* Base */ = {isa = PBXFileReference; lastKnownFileType = file.storyboard; name = Base; path = Base.lproj/LaunchScreen.storyboard; sourceTree = "<group>"; };
		6F0204BD208F4DC100554C58 /* Info.plist */ = {isa = PBXFileReference; lastKnownFileType = text.plist.xml; path = Info.plist; sourceTree = "<group>"; };
		6F0204CB208F4E3B00554C58 /* Service.swift */ = {isa = PBXFileReference; lastKnownFileType = sourcecode.swift; path = Service.swift; sourceTree = "<group>"; };
		6F0204CD208F4E4F00554C58 /* Genres.swift */ = {isa = PBXFileReference; lastKnownFileType = sourcecode.swift; path = Genres.swift; sourceTree = "<group>"; };
		6F0204CF208F4E6300554C58 /* MoviesEntity.swift */ = {isa = PBXFileReference; lastKnownFileType = sourcecode.swift; path = MoviesEntity.swift; sourceTree = "<group>"; };
		6F0204D1208F4E7100554C58 /* MovieDetail.swift */ = {isa = PBXFileReference; lastKnownFileType = sourcecode.swift; path = MovieDetail.swift; sourceTree = "<group>"; };
		6F0204D3208F4E8400554C58 /* Movie.swift */ = {isa = PBXFileReference; lastKnownFileType = sourcecode.swift; path = Movie.swift; sourceTree = "<group>"; };
		6F0204D5208F4E9800554C58 /* Mappable.swift */ = {isa = PBXFileReference; lastKnownFileType = sourcecode.swift; path = Mappable.swift; sourceTree = "<group>"; };
		6F0204D7208F4EB000554C58 /* UIDevice.swift */ = {isa = PBXFileReference; lastKnownFileType = sourcecode.swift; path = UIDevice.swift; sourceTree = "<group>"; };
		6F0204D9208F4EC700554C58 /* UIImageView.swift */ = {isa = PBXFileReference; lastKnownFileType = sourcecode.swift; path = UIImageView.swift; sourceTree = "<group>"; };
		6F0204DB208F4EE200554C58 /* Config.swift */ = {isa = PBXFileReference; lastKnownFileType = sourcecode.swift; path = Config.swift; sourceTree = "<group>"; };
		6F0204DD208F4EF500554C58 /* CellSize.swift */ = {isa = PBXFileReference; lastKnownFileType = sourcecode.swift; path = CellSize.swift; sourceTree = "<group>"; };
		6F0204DF208F4F0C00554C58 /* MappableHelper.swift */ = {isa = PBXFileReference; lastKnownFileType = sourcecode.swift; path = MappableHelper.swift; sourceTree = "<group>"; };
		6F0204E1208F4F2C00554C58 /* MoviesCollectionViewCell.swift */ = {isa = PBXFileReference; lastKnownFileType = sourcecode.swift; path = MoviesCollectionViewCell.swift; sourceTree = "<group>"; };
		6F0204E3208F4F3D00554C58 /* FavoriteTableViewCell.swift */ = {isa = PBXFileReference; lastKnownFileType = sourcecode.swift; path = FavoriteTableViewCell.swift; sourceTree = "<group>"; };
		6F0204E5208F4F5000554C58 /* TabBarController.swift */ = {isa = PBXFileReference; lastKnownFileType = sourcecode.swift; path = TabBarController.swift; sourceTree = "<group>"; };
		6F0204E7208F4F5E00554C58 /* FavoriteViewController.swift */ = {isa = PBXFileReference; lastKnownFileType = sourcecode.swift; path = FavoriteViewController.swift; sourceTree = "<group>"; };
		6F0204E9208F4F7400554C58 /* MainViewController.swift */ = {isa = PBXFileReference; lastKnownFileType = sourcecode.swift; path = MainViewController.swift; sourceTree = "<group>"; };
		6F0204EB208F4F8200554C58 /* MovieDetailViewController.swift */ = {isa = PBXFileReference; lastKnownFileType = sourcecode.swift; path = MovieDetailViewController.swift; sourceTree = "<group>"; };
		6F0204ED208F4FAB00554C58 /* MoviesViewModel.swift */ = {isa = PBXFileReference; lastKnownFileType = sourcecode.swift; path = MoviesViewModel.swift; sourceTree = "<group>"; };
		6F0204EF208F4FBB00554C58 /* CollectionViewCellViewModel.swift */ = {isa = PBXFileReference; lastKnownFileType = sourcecode.swift; path = CollectionViewCellViewModel.swift; sourceTree = "<group>"; };
		6F2A4B5A208F603700B9399A /* MovieDetailViewModel.swift */ = {isa = PBXFileReference; lastKnownFileType = sourcecode.swift; path = MovieDetailViewModel.swift; sourceTree = "<group>"; };
		6F2A4B5C208F633C00B9399A /* UIViewMovieDetail.swift */ = {isa = PBXFileReference; lastKnownFileType = sourcecode.swift; path = UIViewMovieDetail.swift; sourceTree = "<group>"; };
		9A941C88B9D37DF552EF07EE /* Pods-movieDatabaseMVVM.release.xcconfig */ = {isa = PBXFileReference; includeInIndex = 1; lastKnownFileType = text.xcconfig; name = "Pods-movieDatabaseMVVM.release.xcconfig"; path = "Pods/Target Support Files/Pods-movieDatabaseMVVM/Pods-movieDatabaseMVVM.release.xcconfig"; sourceTree = "<group>"; };
		AA413660B53F98B92A2BC7C1 /* Pods_movieDatabaseMVVM.framework */ = {isa = PBXFileReference; explicitFileType = wrapper.framework; includeInIndex = 0; path = Pods_movieDatabaseMVVM.framework; sourceTree = BUILT_PRODUCTS_DIR; };
		B42D5E2C63CAEC542B8AE4F5 /* Pods-movieDatabaseMVVM.debug.xcconfig */ = {isa = PBXFileReference; includeInIndex = 1; lastKnownFileType = text.xcconfig; name = "Pods-movieDatabaseMVVM.debug.xcconfig"; path = "Pods/Target Support Files/Pods-movieDatabaseMVVM/Pods-movieDatabaseMVVM.debug.xcconfig"; sourceTree = "<group>"; };
/* End PBXFileReference section */

/* Begin PBXFrameworksBuildPhase section */
		6F0204AB208F4DC100554C58 /* Frameworks */ = {
			isa = PBXFrameworksBuildPhase;
			buildActionMask = 2147483647;
			files = (
				BF541EBBAF7A422BBDF6F36D /* Pods_movieDatabaseMVVM.framework in Frameworks */,
			);
			runOnlyForDeploymentPostprocessing = 0;
		};
/* End PBXFrameworksBuildPhase section */

/* Begin PBXGroup section */
		43E4E35F97A51406793B98D4 /* Pods */ = {
			isa = PBXGroup;
			children = (
				B42D5E2C63CAEC542B8AE4F5 /* Pods-movieDatabaseMVVM.debug.xcconfig */,
				9A941C88B9D37DF552EF07EE /* Pods-movieDatabaseMVVM.release.xcconfig */,
			);
			name = Pods;
			sourceTree = "<group>";
		};
		6F0204A5208F4DC100554C58 = {
			isa = PBXGroup;
			children = (
				6F0204B0208F4DC100554C58 /* movieDatabaseMVVM */,
				6F0204AF208F4DC100554C58 /* Products */,
				43E4E35F97A51406793B98D4 /* Pods */,
				E550D4B0B9C60776BCD6520B /* Frameworks */,
			);
			sourceTree = "<group>";
		};
		6F0204AF208F4DC100554C58 /* Products */ = {
			isa = PBXGroup;
			children = (
				6F0204AE208F4DC100554C58 /* movieDatabaseMVVM.app */,
			);
			name = Products;
			sourceTree = "<group>";
		};
		6F0204B0208F4DC100554C58 /* movieDatabaseMVVM */ = {
			isa = PBXGroup;
			children = (
				6F0204C3208F4DDB00554C58 /* API */,
				6F0204C4208F4DE100554C58 /* Models */,
				6F0204C5208F4DE900554C58 /* Protocols */,
				6F0204C7208F4DF600554C58 /* Utils */,
				6F0204C9208F4E0200554C58 /* View */,
				6F0204CA208F4E0600554C58 /* ViewController */,
				6F0204C6208F4DEF00554C58 /* ViewModel */,
				6F0204B1208F4DC100554C58 /* AppDelegate.swift */,
				6F0204B5208F4DC100554C58 /* Main.storyboard */,
				6F0204B8208F4DC100554C58 /* Assets.xcassets */,
				6F0204BA208F4DC100554C58 /* LaunchScreen.storyboard */,
				6F0204BD208F4DC100554C58 /* Info.plist */,
			);
			path = movieDatabaseMVVM;
			sourceTree = "<group>";
		};
		6F0204C3208F4DDB00554C58 /* API */ = {
			isa = PBXGroup;
			children = (
				6F0204CB208F4E3B00554C58 /* Service.swift */,
			);
			path = API;
			sourceTree = "<group>";
		};
		6F0204C4208F4DE100554C58 /* Models */ = {
			isa = PBXGroup;
			children = (
				6F0204CD208F4E4F00554C58 /* Genres.swift */,
				6F0204CF208F4E6300554C58 /* MoviesEntity.swift */,
				6F0204D1208F4E7100554C58 /* MovieDetail.swift */,
				6F0204D3208F4E8400554C58 /* Movie.swift */,
			);
			path = Models;
			sourceTree = "<group>";
		};
		6F0204C5208F4DE900554C58 /* Protocols */ = {
			isa = PBXGroup;
			children = (
				6F0204D5208F4E9800554C58 /* Mappable.swift */,
			);
			path = Protocols;
			sourceTree = "<group>";
		};
		6F0204C6208F4DEF00554C58 /* ViewModel */ = {
			isa = PBXGroup;
			children = (
				6F0204ED208F4FAB00554C58 /* MoviesViewModel.swift */,
				6F2A4B5A208F603700B9399A /* MovieDetailViewModel.swift */,
				6F0204EF208F4FBB00554C58 /* CollectionViewCellViewModel.swift */,
				6F2A4B5C208F633C00B9399A /* UIViewMovieDetail.swift */,
			);
			path = ViewModel;
			sourceTree = "<group>";
		};
		6F0204C7208F4DF600554C58 /* Utils */ = {
			isa = PBXGroup;
			children = (
				6F0204C8208F4DFB00554C58 /* Extensions */,
				6F0204DB208F4EE200554C58 /* Config.swift */,
				6F0204DD208F4EF500554C58 /* CellSize.swift */,
				6F0204DF208F4F0C00554C58 /* MappableHelper.swift */,
			);
			path = Utils;
			sourceTree = "<group>";
		};
		6F0204C8208F4DFB00554C58 /* Extensions */ = {
			isa = PBXGroup;
			children = (
				6F0204D7208F4EB000554C58 /* UIDevice.swift */,
				6F0204D9208F4EC700554C58 /* UIImageView.swift */,
			);
			path = Extensions;
			sourceTree = "<group>";
		};
		6F0204C9208F4E0200554C58 /* View */ = {
			isa = PBXGroup;
			children = (
				6F0204E1208F4F2C00554C58 /* MoviesCollectionViewCell.swift */,
				6F0204E3208F4F3D00554C58 /* FavoriteTableViewCell.swift */,
			);
			path = View;
			sourceTree = "<group>";
		};
		6F0204CA208F4E0600554C58 /* ViewController */ = {
			isa = PBXGroup;
			children = (
				6F0204E5208F4F5000554C58 /* TabBarController.swift */,
				6F0204E7208F4F5E00554C58 /* FavoriteViewController.swift */,
				6F0204E9208F4F7400554C58 /* MainViewController.swift */,
				6F0204EB208F4F8200554C58 /* MovieDetailViewController.swift */,
			);
			path = ViewController;
			sourceTree = "<group>";
		};
		E550D4B0B9C60776BCD6520B /* Frameworks */ = {
			isa = PBXGroup;
			children = (
				AA413660B53F98B92A2BC7C1 /* Pods_movieDatabaseMVVM.framework */,
			);
			name = Frameworks;
			sourceTree = "<group>";
		};
/* End PBXGroup section */

/* Begin PBXNativeTarget section */
		6F0204AD208F4DC100554C58 /* movieDatabaseMVVM */ = {
			isa = PBXNativeTarget;
			buildConfigurationList = 6F0204C0208F4DC100554C58 /* Build configuration list for PBXNativeTarget "movieDatabaseMVVM" */;
			buildPhases = (
				41D63C4DCC6E9D1356DE663B /* [CP] Check Pods Manifest.lock */,
				6F0204AA208F4DC100554C58 /* Sources */,
				6F0204AB208F4DC100554C58 /* Frameworks */,
				6F0204AC208F4DC100554C58 /* Resources */,
				F8A7FAAC04DA721FE8BD6125 /* [CP] Embed Pods Frameworks */,
			);
			buildRules = (
			);
			dependencies = (
			);
			name = movieDatabaseMVVM;
			productName = movieDatabaseMVVM;
			productReference = 6F0204AE208F4DC100554C58 /* movieDatabaseMVVM.app */;
			productType = "com.apple.product-type.application";
		};
/* End PBXNativeTarget section */

/* Begin PBXProject section */
		6F0204A6208F4DC100554C58 /* Project object */ = {
			isa = PBXProject;
			attributes = {
				LastSwiftUpdateCheck = 0920;
				LastUpgradeCheck = 0920;
				ORGANIZATIONNAME = "Guilherme Siepmann";
				TargetAttributes = {
					6F0204AD208F4DC100554C58 = {
						CreatedOnToolsVersion = 9.2;
						ProvisioningStyle = Automatic;
					};
				};
			};
			buildConfigurationList = 6F0204A9208F4DC100554C58 /* Build configuration list for PBXProject "movieDatabaseMVVM" */;
			compatibilityVersion = "Xcode 8.0";
			developmentRegion = en;
			hasScannedForEncodings = 0;
			knownRegions = (
				en,
				Base,
			);
			mainGroup = 6F0204A5208F4DC100554C58;
			productRefGroup = 6F0204AF208F4DC100554C58 /* Products */;
			projectDirPath = "";
			projectRoot = "";
			targets = (
				6F0204AD208F4DC100554C58 /* movieDatabaseMVVM */,
			);
		};
/* End PBXProject section */

/* Begin PBXResourcesBuildPhase section */
		6F0204AC208F4DC100554C58 /* Resources */ = {
			isa = PBXResourcesBuildPhase;
			buildActionMask = 2147483647;
			files = (
				6F0204BC208F4DC100554C58 /* LaunchScreen.storyboard in Resources */,
				6F0204B9208F4DC100554C58 /* Assets.xcassets in Resources */,
				6F0204B7208F4DC100554C58 /* Main.storyboard in Resources */,
			);
			runOnlyForDeploymentPostprocessing = 0;
		};
/* End PBXResourcesBuildPhase section */

/* Begin PBXShellScriptBuildPhase section */
		41D63C4DCC6E9D1356DE663B /* [CP] Check Pods Manifest.lock */ = {
			isa = PBXShellScriptBuildPhase;
			buildActionMask = 2147483647;
			files = (
			);
			inputPaths = (
				"${PODS_PODFILE_DIR_PATH}/Podfile.lock",
				"${PODS_ROOT}/Manifest.lock",
			);
			name = "[CP] Check Pods Manifest.lock";
			outputPaths = (
				"$(DERIVED_FILE_DIR)/Pods-movieDatabaseMVVM-checkManifestLockResult.txt",
			);
			runOnlyForDeploymentPostprocessing = 0;
			shellPath = /bin/sh;
			shellScript = "diff \"${PODS_PODFILE_DIR_PATH}/Podfile.lock\" \"${PODS_ROOT}/Manifest.lock\" > /dev/null\nif [ $? != 0 ] ; then\n    # print error to STDERR\n    echo \"error: The sandbox is not in sync with the Podfile.lock. Run 'pod install' or update your CocoaPods installation.\" >&2\n    exit 1\nfi\n# This output is used by Xcode 'outputs' to avoid re-running this script phase.\necho \"SUCCESS\" > \"${SCRIPT_OUTPUT_FILE_0}\"\n";
			showEnvVarsInLog = 0;
		};
		F8A7FAAC04DA721FE8BD6125 /* [CP] Embed Pods Frameworks */ = {
			isa = PBXShellScriptBuildPhase;
			buildActionMask = 2147483647;
			files = (
			);
			inputPaths = (
				"${SRCROOT}/Pods/Target Support Files/Pods-movieDatabaseMVVM/Pods-movieDatabaseMVVM-frameworks.sh",
				"${BUILT_PRODUCTS_DIR}/Kingfisher/Kingfisher.framework",
				"${BUILT_PRODUCTS_DIR}/SnapKit/SnapKit.framework",
			);
			name = "[CP] Embed Pods Frameworks";
			outputPaths = (
				"${TARGET_BUILD_DIR}/${FRAMEWORKS_FOLDER_PATH}/Kingfisher.framework",
				"${TARGET_BUILD_DIR}/${FRAMEWORKS_FOLDER_PATH}/SnapKit.framework",
			);
			runOnlyForDeploymentPostprocessing = 0;
			shellPath = /bin/sh;
			shellScript = "\"${SRCROOT}/Pods/Target Support Files/Pods-movieDatabaseMVVM/Pods-movieDatabaseMVVM-frameworks.sh\"\n";
			showEnvVarsInLog = 0;
		};
/* End PBXShellScriptBuildPhase section */

/* Begin PBXSourcesBuildPhase section */
		6F0204AA208F4DC100554C58 /* Sources */ = {
			isa = PBXSourcesBuildPhase;
			buildActionMask = 2147483647;
			files = (
				6F0204CE208F4E4F00554C58 /* Genres.swift in Sources */,
				6F0204E2208F4F2C00554C58 /* MoviesCollectionViewCell.swift in Sources */,
				6F0204D6208F4E9800554C58 /* Mappable.swift in Sources */,
				6F0204E6208F4F5000554C58 /* TabBarController.swift in Sources */,
				6F0204D0208F4E6300554C58 /* MoviesEntity.swift in Sources */,
				6F2A4B5B208F603700B9399A /* MovieDetailViewModel.swift in Sources */,
				6F0204D4208F4E8400554C58 /* Movie.swift in Sources */,
				6F0204E8208F4F5E00554C58 /* FavoriteViewController.swift in Sources */,
				6F0204EA208F4F7400554C58 /* MainViewController.swift in Sources */,
				6F0204E4208F4F3D00554C58 /* FavoriteTableViewCell.swift in Sources */,
				6F0204F0208F4FBB00554C58 /* CollectionViewCellViewModel.swift in Sources */,
				6F0204DE208F4EF500554C58 /* CellSize.swift in Sources */,
				6F0204E0208F4F0C00554C58 /* MappableHelper.swift in Sources */,
				6F0204D2208F4E7100554C58 /* MovieDetail.swift in Sources */,
				6F2A4B5D208F633C00B9399A /* UIViewMovieDetail.swift in Sources */,
				6F0204B2208F4DC100554C58 /* AppDelegate.swift in Sources */,
				6F0204CC208F4E3B00554C58 /* Service.swift in Sources */,
				6F0204EE208F4FAB00554C58 /* MoviesViewModel.swift in Sources */,
				6F0204DC208F4EE200554C58 /* Config.swift in Sources */,
				6F0204DA208F4EC700554C58 /* UIImageView.swift in Sources */,
				6F0204EC208F4F8200554C58 /* MovieDetailViewController.swift in Sources */,
				6F0204D8208F4EB000554C58 /* UIDevice.swift in Sources */,
			);
			runOnlyForDeploymentPostprocessing = 0;
		};
/* End PBXSourcesBuildPhase section */

/* Begin PBXVariantGroup section */
		6F0204B5208F4DC100554C58 /* Main.storyboard */ = {
			isa = PBXVariantGroup;
			children = (
				6F0204B6208F4DC100554C58 /* Base */,
			);
			name = Main.storyboard;
			sourceTree = "<group>";
		};
		6F0204BA208F4DC100554C58 /* LaunchScreen.storyboard */ = {
			isa = PBXVariantGroup;
			children = (
				6F0204BB208F4DC100554C58 /* Base */,
			);
			name = LaunchScreen.storyboard;
			sourceTree = "<group>";
		};
/* End PBXVariantGroup section */

/* Begin XCBuildConfiguration section */
		6F0204BE208F4DC100554C58 /* Debug */ = {
			isa = XCBuildConfiguration;
			buildSettings = {
				ALWAYS_SEARCH_USER_PATHS = NO;
				CLANG_ANALYZER_NONNULL = YES;
				CLANG_ANALYZER_NUMBER_OBJECT_CONVERSION = YES_AGGRESSIVE;
				CLANG_CXX_LANGUAGE_STANDARD = "gnu++14";
				CLANG_CXX_LIBRARY = "libc++";
				CLANG_ENABLE_MODULES = YES;
				CLANG_ENABLE_OBJC_ARC = YES;
				CLANG_WARN_BLOCK_CAPTURE_AUTORELEASING = YES;
				CLANG_WARN_BOOL_CONVERSION = YES;
				CLANG_WARN_COMMA = YES;
				CLANG_WARN_CONSTANT_CONVERSION = YES;
				CLANG_WARN_DIRECT_OBJC_ISA_USAGE = YES_ERROR;
				CLANG_WARN_DOCUMENTATION_COMMENTS = YES;
				CLANG_WARN_EMPTY_BODY = YES;
				CLANG_WARN_ENUM_CONVERSION = YES;
				CLANG_WARN_INFINITE_RECURSION = YES;
				CLANG_WARN_INT_CONVERSION = YES;
				CLANG_WARN_NON_LITERAL_NULL_CONVERSION = YES;
				CLANG_WARN_OBJC_LITERAL_CONVERSION = YES;
				CLANG_WARN_OBJC_ROOT_CLASS = YES_ERROR;
				CLANG_WARN_RANGE_LOOP_ANALYSIS = YES;
				CLANG_WARN_STRICT_PROTOTYPES = YES;
				CLANG_WARN_SUSPICIOUS_MOVE = YES;
				CLANG_WARN_UNGUARDED_AVAILABILITY = YES_AGGRESSIVE;
				CLANG_WARN_UNREACHABLE_CODE = YES;
				CLANG_WARN__DUPLICATE_METHOD_MATCH = YES;
				CODE_SIGN_IDENTITY = "iPhone Developer";
				COPY_PHASE_STRIP = NO;
				DEBUG_INFORMATION_FORMAT = dwarf;
				ENABLE_STRICT_OBJC_MSGSEND = YES;
				ENABLE_TESTABILITY = YES;
				GCC_C_LANGUAGE_STANDARD = gnu11;
				GCC_DYNAMIC_NO_PIC = NO;
				GCC_NO_COMMON_BLOCKS = YES;
				GCC_OPTIMIZATION_LEVEL = 0;
				GCC_PREPROCESSOR_DEFINITIONS = (
					"DEBUG=1",
					"$(inherited)",
				);
				GCC_WARN_64_TO_32_BIT_CONVERSION = YES;
				GCC_WARN_ABOUT_RETURN_TYPE = YES_ERROR;
				GCC_WARN_UNDECLARED_SELECTOR = YES;
				GCC_WARN_UNINITIALIZED_AUTOS = YES_AGGRESSIVE;
				GCC_WARN_UNUSED_FUNCTION = YES;
				GCC_WARN_UNUSED_VARIABLE = YES;
				IPHONEOS_DEPLOYMENT_TARGET = 11.2;
				MTL_ENABLE_DEBUG_INFO = YES;
				ONLY_ACTIVE_ARCH = YES;
				SDKROOT = iphoneos;
				SWIFT_ACTIVE_COMPILATION_CONDITIONS = DEBUG;
				SWIFT_OPTIMIZATION_LEVEL = "-Onone";
			};
			name = Debug;
		};
		6F0204BF208F4DC100554C58 /* Release */ = {
			isa = XCBuildConfiguration;
			buildSettings = {
				ALWAYS_SEARCH_USER_PATHS = NO;
				CLANG_ANALYZER_NONNULL = YES;
				CLANG_ANALYZER_NUMBER_OBJECT_CONVERSION = YES_AGGRESSIVE;
				CLANG_CXX_LANGUAGE_STANDARD = "gnu++14";
				CLANG_CXX_LIBRARY = "libc++";
				CLANG_ENABLE_MODULES = YES;
				CLANG_ENABLE_OBJC_ARC = YES;
				CLANG_WARN_BLOCK_CAPTURE_AUTORELEASING = YES;
				CLANG_WARN_BOOL_CONVERSION = YES;
				CLANG_WARN_COMMA = YES;
				CLANG_WARN_CONSTANT_CONVERSION = YES;
				CLANG_WARN_DIRECT_OBJC_ISA_USAGE = YES_ERROR;
				CLANG_WARN_DOCUMENTATION_COMMENTS = YES;
				CLANG_WARN_EMPTY_BODY = YES;
				CLANG_WARN_ENUM_CONVERSION = YES;
				CLANG_WARN_INFINITE_RECURSION = YES;
				CLANG_WARN_INT_CONVERSION = YES;
				CLANG_WARN_NON_LITERAL_NULL_CONVERSION = YES;
				CLANG_WARN_OBJC_LITERAL_CONVERSION = YES;
				CLANG_WARN_OBJC_ROOT_CLASS = YES_ERROR;
				CLANG_WARN_RANGE_LOOP_ANALYSIS = YES;
				CLANG_WARN_STRICT_PROTOTYPES = YES;
				CLANG_WARN_SUSPICIOUS_MOVE = YES;
				CLANG_WARN_UNGUARDED_AVAILABILITY = YES_AGGRESSIVE;
				CLANG_WARN_UNREACHABLE_CODE = YES;
				CLANG_WARN__DUPLICATE_METHOD_MATCH = YES;
				CODE_SIGN_IDENTITY = "iPhone Developer";
				COPY_PHASE_STRIP = NO;
				DEBUG_INFORMATION_FORMAT = "dwarf-with-dsym";
				ENABLE_NS_ASSERTIONS = NO;
				ENABLE_STRICT_OBJC_MSGSEND = YES;
				GCC_C_LANGUAGE_STANDARD = gnu11;
				GCC_NO_COMMON_BLOCKS = YES;
				GCC_WARN_64_TO_32_BIT_CONVERSION = YES;
				GCC_WARN_ABOUT_RETURN_TYPE = YES_ERROR;
				GCC_WARN_UNDECLARED_SELECTOR = YES;
				GCC_WARN_UNINITIALIZED_AUTOS = YES_AGGRESSIVE;
				GCC_WARN_UNUSED_FUNCTION = YES;
				GCC_WARN_UNUSED_VARIABLE = YES;
				IPHONEOS_DEPLOYMENT_TARGET = 11.2;
				MTL_ENABLE_DEBUG_INFO = NO;
				SDKROOT = iphoneos;
				SWIFT_OPTIMIZATION_LEVEL = "-Owholemodule";
				VALIDATE_PRODUCT = YES;
			};
			name = Release;
		};
		6F0204C1208F4DC100554C58 /* Debug */ = {
			isa = XCBuildConfiguration;
			baseConfigurationReference = B42D5E2C63CAEC542B8AE4F5 /* Pods-movieDatabaseMVVM.debug.xcconfig */;
			buildSettings = {
				ASSETCATALOG_COMPILER_APPICON_NAME = AppIcon;
				CODE_SIGN_STYLE = Automatic;
				INFOPLIST_FILE = movieDatabaseMVVM/Info.plist;
				LD_RUNPATH_SEARCH_PATHS = "$(inherited) @executable_path/Frameworks";
				PRODUCT_BUNDLE_IDENTIFIER = com.siepmann.movieDatabaseMVVM;
				PRODUCT_NAME = "$(TARGET_NAME)";
				SWIFT_VERSION = 4.0;
				TARGETED_DEVICE_FAMILY = "1,2";
			};
			name = Debug;
		};
		6F0204C2208F4DC100554C58 /* Release */ = {
			isa = XCBuildConfiguration;
			baseConfigurationReference = 9A941C88B9D37DF552EF07EE /* Pods-movieDatabaseMVVM.release.xcconfig */;
			buildSettings = {
				ASSETCATALOG_COMPILER_APPICON_NAME = AppIcon;
				CODE_SIGN_STYLE = Automatic;
				INFOPLIST_FILE = movieDatabaseMVVM/Info.plist;
				LD_RUNPATH_SEARCH_PATHS = "$(inherited) @executable_path/Frameworks";
				PRODUCT_BUNDLE_IDENTIFIER = com.siepmann.movieDatabaseMVVM;
				PRODUCT_NAME = "$(TARGET_NAME)";
				SWIFT_VERSION = 4.0;
				TARGETED_DEVICE_FAMILY = "1,2";
			};
			name = Release;
		};
/* End XCBuildConfiguration section */

/* Begin XCConfigurationList section */
		6F0204A9208F4DC100554C58 /* Build configuration list for PBXProject "movieDatabaseMVVM" */ = {
			isa = XCConfigurationList;
			buildConfigurations = (
				6F0204BE208F4DC100554C58 /* Debug */,
				6F0204BF208F4DC100554C58 /* Release */,
			);
			defaultConfigurationIsVisible = 0;
			defaultConfigurationName = Release;
		};
		6F0204C0208F4DC100554C58 /* Build configuration list for PBXNativeTarget "movieDatabaseMVVM" */ = {
			isa = XCConfigurationList;
			buildConfigurations = (
				6F0204C1208F4DC100554C58 /* Debug */,
				6F0204C2208F4DC100554C58 /* Release */,
			);
			defaultConfigurationIsVisible = 0;
			defaultConfigurationName = Release;
		};
/* End XCConfigurationList section */
	};
	rootObject = 6F0204A6208F4DC100554C58 /* Project object */;
}
